// !$*UTF8*$!
{
	archiveVersion = 1;
	classes = {
	};
	objectVersion = 55;
	objects = {

/* Begin PBXBuildFile section */
		A11BDBAB0A8FDC506B9D168E /* Pods_SpaceRX.framework in Frameworks */ = {isa = PBXBuildFile; fileRef = 2BF8E5DDFE867A5549112C16 /* Pods_SpaceRX.framework */; };
		F31B39EE2A260B7B000D9CE6 /* AppDelegate.swift in Sources */ = {isa = PBXBuildFile; fileRef = F31B39ED2A260B7B000D9CE6 /* AppDelegate.swift */; };
		F31B39F02A260B7B000D9CE6 /* SceneDelegate.swift in Sources */ = {isa = PBXBuildFile; fileRef = F31B39EF2A260B7B000D9CE6 /* SceneDelegate.swift */; };
		F31B39F52A260B7B000D9CE6 /* Main.storyboard in Resources */ = {isa = PBXBuildFile; fileRef = F31B39F32A260B7B000D9CE6 /* Main.storyboard */; };
		F31B39F72A260B7E000D9CE6 /* Assets.xcassets in Resources */ = {isa = PBXBuildFile; fileRef = F31B39F62A260B7E000D9CE6 /* Assets.xcassets */; };
		F31B39FA2A260B7E000D9CE6 /* LaunchScreen.storyboard in Resources */ = {isa = PBXBuildFile; fileRef = F31B39F82A260B7E000D9CE6 /* LaunchScreen.storyboard */; };
		F31B3A1F2A261D1E000D9CE6 /* RocketViewController.swift in Sources */ = {isa = PBXBuildFile; fileRef = F31B3A1E2A261D1E000D9CE6 /* RocketViewController.swift */; };
		F31B3A222A261D8C000D9CE6 /* RocketLoader.swift in Sources */ = {isa = PBXBuildFile; fileRef = F31B3A212A261D8C000D9CE6 /* RocketLoader.swift */; };
		F31B3A242A261D90000D9CE6 /* RocketModel.swift in Sources */ = {isa = PBXBuildFile; fileRef = F31B3A232A261D90000D9CE6 /* RocketModel.swift */; };
		F31B3A262A261D93000D9CE6 /* RoketData.swift in Sources */ = {isa = PBXBuildFile; fileRef = F31B3A252A261D93000D9CE6 /* RoketData.swift */; };
		F31B3A2A2A261DB9000D9CE6 /* CustomPageViewController.swift in Sources */ = {isa = PBXBuildFile; fileRef = F31B3A292A261DB8000D9CE6 /* CustomPageViewController.swift */; };
		F31B3A312A261DD2000D9CE6 /* RocketVerticalInfoCell.swift in Sources */ = {isa = PBXBuildFile; fileRef = F31B3A2C2A261DD2000D9CE6 /* RocketVerticalInfoCell.swift */; };
		F31B3A322A261DD2000D9CE6 /* RocketHeaderCell.swift in Sources */ = {isa = PBXBuildFile; fileRef = F31B3A2D2A261DD2000D9CE6 /* RocketHeaderCell.swift */; };
		F31B3A332A261DD2000D9CE6 /* RocketImageCell.swift in Sources */ = {isa = PBXBuildFile; fileRef = F31B3A2E2A261DD2000D9CE6 /* RocketImageCell.swift */; };
		F31B3A342A261DD2000D9CE6 /* RocketHorizontalInfoCell.swift in Sources */ = {isa = PBXBuildFile; fileRef = F31B3A2F2A261DD2000D9CE6 /* RocketHorizontalInfoCell.swift */; };
		F31B3A352A261DD2000D9CE6 /* RocketLaunchButtonCell.swift in Sources */ = {isa = PBXBuildFile; fileRef = F31B3A302A261DD2000D9CE6 /* RocketLaunchButtonCell.swift */; };
		F31B3A382A261DF7000D9CE6 /* RocketViewModel.swift in Sources */ = {isa = PBXBuildFile; fileRef = F31B3A372A261DF7000D9CE6 /* RocketViewModel.swift */; };
		F31B3A3B2A261E12000D9CE6 /* Constants.swift in Sources */ = {isa = PBXBuildFile; fileRef = F31B3A3A2A261E12000D9CE6 /* Constants.swift */; };
		F31B3A3D2A261E14000D9CE6 /* IdExtensions.swift in Sources */ = {isa = PBXBuildFile; fileRef = F31B3A3C2A261E14000D9CE6 /* IdExtensions.swift */; };
		F31B3A422A261E37000D9CE6 /* LaunchViewController.swift in Sources */ = {isa = PBXBuildFile; fileRef = F31B3A3F2A261E37000D9CE6 /* LaunchViewController.swift */; };
		F31B3A432A261E37000D9CE6 /* LaunchModel.swift in Sources */ = {isa = PBXBuildFile; fileRef = F31B3A402A261E37000D9CE6 /* LaunchModel.swift */; };
		F31B3A442A261E37000D9CE6 /* LaunchLoader.swift in Sources */ = {isa = PBXBuildFile; fileRef = F31B3A412A261E37000D9CE6 /* LaunchLoader.swift */; };
		F31B3A4B2A261E5C000D9CE6 /* SettingsViewModel.swift in Sources */ = {isa = PBXBuildFile; fileRef = F31B3A462A261E5C000D9CE6 /* SettingsViewModel.swift */; };
		F31B3A4C2A261E5C000D9CE6 /* SettingsViewController.swift in Sources */ = {isa = PBXBuildFile; fileRef = F31B3A472A261E5C000D9CE6 /* SettingsViewController.swift */; };
		F31B3A4D2A261E5C000D9CE6 /* SettingsTableViewCell.swift in Sources */ = {isa = PBXBuildFile; fileRef = F31B3A482A261E5C000D9CE6 /* SettingsTableViewCell.swift */; };
		F31B3A4E2A261E5C000D9CE6 /* SettingsModel.swift in Sources */ = {isa = PBXBuildFile; fileRef = F31B3A492A261E5C000D9CE6 /* SettingsModel.swift */; };
		F31B3A4F2A261E5C000D9CE6 /* SettingsRepository.swift in Sources */ = {isa = PBXBuildFile; fileRef = F31B3A4A2A261E5C000D9CE6 /* SettingsRepository.swift */; };
/* End PBXBuildFile section */

/* Begin PBXFileReference section */
		2BF8E5DDFE867A5549112C16 /* Pods_SpaceRX.framework */ = {isa = PBXFileReference; explicitFileType = wrapper.framework; includeInIndex = 0; path = Pods_SpaceRX.framework; sourceTree = BUILT_PRODUCTS_DIR; };
		A6EFE8C2C09DD8ADA3B7DA75 /* Pods-SpaceRX.debug.xcconfig */ = {isa = PBXFileReference; includeInIndex = 1; lastKnownFileType = text.xcconfig; name = "Pods-SpaceRX.debug.xcconfig"; path = "Target Support Files/Pods-SpaceRX/Pods-SpaceRX.debug.xcconfig"; sourceTree = "<group>"; };
		BD8DFB790B1DA0CC464CEF6F /* Pods-SpaceRX.release.xcconfig */ = {isa = PBXFileReference; includeInIndex = 1; lastKnownFileType = text.xcconfig; name = "Pods-SpaceRX.release.xcconfig"; path = "Target Support Files/Pods-SpaceRX/Pods-SpaceRX.release.xcconfig"; sourceTree = "<group>"; };
		F31B39EA2A260B7B000D9CE6 /* SpaceRX.app */ = {isa = PBXFileReference; explicitFileType = wrapper.application; includeInIndex = 0; path = SpaceRX.app; sourceTree = BUILT_PRODUCTS_DIR; };
		F31B39ED2A260B7B000D9CE6 /* AppDelegate.swift */ = {isa = PBXFileReference; lastKnownFileType = sourcecode.swift; path = AppDelegate.swift; sourceTree = "<group>"; };
		F31B39EF2A260B7B000D9CE6 /* SceneDelegate.swift */ = {isa = PBXFileReference; lastKnownFileType = sourcecode.swift; path = SceneDelegate.swift; sourceTree = "<group>"; };
		F31B39F42A260B7B000D9CE6 /* Base */ = {isa = PBXFileReference; lastKnownFileType = file.storyboard; name = Base; path = Base.lproj/Main.storyboard; sourceTree = "<group>"; };
		F31B39F62A260B7E000D9CE6 /* Assets.xcassets */ = {isa = PBXFileReference; lastKnownFileType = folder.assetcatalog; path = Assets.xcassets; sourceTree = "<group>"; };
		F31B39F92A260B7E000D9CE6 /* Base */ = {isa = PBXFileReference; lastKnownFileType = file.storyboard; name = Base; path = Base.lproj/LaunchScreen.storyboard; sourceTree = "<group>"; };
		F31B39FB2A260B7E000D9CE6 /* Info.plist */ = {isa = PBXFileReference; lastKnownFileType = text.plist.xml; path = Info.plist; sourceTree = "<group>"; };
		F31B3A1E2A261D1E000D9CE6 /* RocketViewController.swift */ = {isa = PBXFileReference; lastKnownFileType = sourcecode.swift; path = RocketViewController.swift; sourceTree = "<group>"; };
		F31B3A212A261D8C000D9CE6 /* RocketLoader.swift */ = {isa = PBXFileReference; lastKnownFileType = sourcecode.swift; path = RocketLoader.swift; sourceTree = "<group>"; };
		F31B3A232A261D90000D9CE6 /* RocketModel.swift */ = {isa = PBXFileReference; lastKnownFileType = sourcecode.swift; path = RocketModel.swift; sourceTree = "<group>"; };
		F31B3A252A261D93000D9CE6 /* RoketData.swift */ = {isa = PBXFileReference; lastKnownFileType = sourcecode.swift; path = RoketData.swift; sourceTree = "<group>"; };
		F31B3A292A261DB8000D9CE6 /* CustomPageViewController.swift */ = {isa = PBXFileReference; lastKnownFileType = sourcecode.swift; path = CustomPageViewController.swift; sourceTree = "<group>"; };
		F31B3A2C2A261DD2000D9CE6 /* RocketVerticalInfoCell.swift */ = {isa = PBXFileReference; fileEncoding = 4; lastKnownFileType = sourcecode.swift; path = RocketVerticalInfoCell.swift; sourceTree = "<group>"; };
		F31B3A2D2A261DD2000D9CE6 /* RocketHeaderCell.swift */ = {isa = PBXFileReference; fileEncoding = 4; lastKnownFileType = sourcecode.swift; path = RocketHeaderCell.swift; sourceTree = "<group>"; };
		F31B3A2E2A261DD2000D9CE6 /* RocketImageCell.swift */ = {isa = PBXFileReference; fileEncoding = 4; lastKnownFileType = sourcecode.swift; path = RocketImageCell.swift; sourceTree = "<group>"; };
		F31B3A2F2A261DD2000D9CE6 /* RocketHorizontalInfoCell.swift */ = {isa = PBXFileReference; fileEncoding = 4; lastKnownFileType = sourcecode.swift; path = RocketHorizontalInfoCell.swift; sourceTree = "<group>"; };
		F31B3A302A261DD2000D9CE6 /* RocketLaunchButtonCell.swift */ = {isa = PBXFileReference; fileEncoding = 4; lastKnownFileType = sourcecode.swift; path = RocketLaunchButtonCell.swift; sourceTree = "<group>"; };
		F31B3A372A261DF7000D9CE6 /* RocketViewModel.swift */ = {isa = PBXFileReference; fileEncoding = 4; lastKnownFileType = sourcecode.swift; path = RocketViewModel.swift; sourceTree = "<group>"; };
		F31B3A3A2A261E12000D9CE6 /* Constants.swift */ = {isa = PBXFileReference; fileEncoding = 4; lastKnownFileType = sourcecode.swift; path = Constants.swift; sourceTree = "<group>"; };
		F31B3A3C2A261E14000D9CE6 /* IdExtensions.swift */ = {isa = PBXFileReference; lastKnownFileType = sourcecode.swift; path = IdExtensions.swift; sourceTree = "<group>"; };
		F31B3A3F2A261E37000D9CE6 /* LaunchViewController.swift */ = {isa = PBXFileReference; fileEncoding = 4; lastKnownFileType = sourcecode.swift; path = LaunchViewController.swift; sourceTree = "<group>"; };
		F31B3A402A261E37000D9CE6 /* LaunchModel.swift */ = {isa = PBXFileReference; fileEncoding = 4; lastKnownFileType = sourcecode.swift; path = LaunchModel.swift; sourceTree = "<group>"; };
		F31B3A412A261E37000D9CE6 /* LaunchLoader.swift */ = {isa = PBXFileReference; fileEncoding = 4; lastKnownFileType = sourcecode.swift; path = LaunchLoader.swift; sourceTree = "<group>"; };
		F31B3A462A261E5C000D9CE6 /* SettingsViewModel.swift */ = {isa = PBXFileReference; fileEncoding = 4; lastKnownFileType = sourcecode.swift; path = SettingsViewModel.swift; sourceTree = "<group>"; };
		F31B3A472A261E5C000D9CE6 /* SettingsViewController.swift */ = {isa = PBXFileReference; fileEncoding = 4; lastKnownFileType = sourcecode.swift; path = SettingsViewController.swift; sourceTree = "<group>"; };
		F31B3A482A261E5C000D9CE6 /* SettingsTableViewCell.swift */ = {isa = PBXFileReference; fileEncoding = 4; lastKnownFileType = sourcecode.swift; path = SettingsTableViewCell.swift; sourceTree = "<group>"; };
		F31B3A492A261E5C000D9CE6 /* SettingsModel.swift */ = {isa = PBXFileReference; fileEncoding = 4; lastKnownFileType = sourcecode.swift; path = SettingsModel.swift; sourceTree = "<group>"; };
		F31B3A4A2A261E5C000D9CE6 /* SettingsRepository.swift */ = {isa = PBXFileReference; fileEncoding = 4; lastKnownFileType = sourcecode.swift; path = SettingsRepository.swift; sourceTree = "<group>"; };
/* End PBXFileReference section */

/* Begin PBXFrameworksBuildPhase section */
		F31B39E72A260B7B000D9CE6 /* Frameworks */ = {
			isa = PBXFrameworksBuildPhase;
			buildActionMask = 2147483647;
			files = (
				A11BDBAB0A8FDC506B9D168E /* Pods_SpaceRX.framework in Frameworks */,
			);
			runOnlyForDeploymentPostprocessing = 0;
		};
/* End PBXFrameworksBuildPhase section */

/* Begin PBXGroup section */
		2F92727B8F79EF0DEA4B38EF /* Pods */ = {
			isa = PBXGroup;
			children = (
				A6EFE8C2C09DD8ADA3B7DA75 /* Pods-SpaceRX.debug.xcconfig */,
				BD8DFB790B1DA0CC464CEF6F /* Pods-SpaceRX.release.xcconfig */,
			);
			path = Pods;
			sourceTree = "<group>";
		};
		F084DF60834D305A83555380 /* Frameworks */ = {
			isa = PBXGroup;
			children = (
				2BF8E5DDFE867A5549112C16 /* Pods_SpaceRX.framework */,
			);
			name = Frameworks;
			sourceTree = "<group>";
		};
		F31B39E12A260B7B000D9CE6 = {
			isa = PBXGroup;
			children = (
				F31B39EC2A260B7B000D9CE6 /* SpaceRX */,
				F31B39EB2A260B7B000D9CE6 /* Products */,
				2F92727B8F79EF0DEA4B38EF /* Pods */,
				F084DF60834D305A83555380 /* Frameworks */,
			);
			sourceTree = "<group>";
		};
		F31B39EB2A260B7B000D9CE6 /* Products */ = {
			isa = PBXGroup;
			children = (
				F31B39EA2A260B7B000D9CE6 /* SpaceRX.app */,
			);
			name = Products;
			sourceTree = "<group>";
		};
		F31B39EC2A260B7B000D9CE6 /* SpaceRX */ = {
			isa = PBXGroup;
			children = (
				F31B3A452A261E48000D9CE6 /* Settings */,
				F31B3A3E2A261E24000D9CE6 /* Launch */,
				F31B3A392A261E06000D9CE6 /* Helpers */,
				F31B3A202A261D50000D9CE6 /* Rocket */,
				F31B39ED2A260B7B000D9CE6 /* AppDelegate.swift */,
				F31B39EF2A260B7B000D9CE6 /* SceneDelegate.swift */,
				F31B39F32A260B7B000D9CE6 /* Main.storyboard */,
				F31B39F62A260B7E000D9CE6 /* Assets.xcassets */,
				F31B39F82A260B7E000D9CE6 /* LaunchScreen.storyboard */,
				F31B39FB2A260B7E000D9CE6 /* Info.plist */,
			);
			path = SpaceRX;
			sourceTree = "<group>";
		};
		F31B3A202A261D50000D9CE6 /* Rocket */ = {
			isa = PBXGroup;
			children = (
				F31B3A502A261E65000D9CE6 /* Models */,
				F31B3A362A261DEC000D9CE6 /* ViewModel */,
				F31B3A2B2A261DC2000D9CE6 /* Cells */,
				F31B3A282A261DA6000D9CE6 /* ViewControllers */,
				F31B3A272A261D98000D9CE6 /* Loader */,
			);
			path = Rocket;
			sourceTree = "<group>";
		};
		F31B3A272A261D98000D9CE6 /* Loader */ = {
			isa = PBXGroup;
			children = (
				F31B3A212A261D8C000D9CE6 /* RocketLoader.swift */,
			);
			path = Loader;
			sourceTree = "<group>";
		};
		F31B3A282A261DA6000D9CE6 /* ViewControllers */ = {
			isa = PBXGroup;
			children = (
				F31B3A1E2A261D1E000D9CE6 /* RocketViewController.swift */,
				F31B3A292A261DB8000D9CE6 /* CustomPageViewController.swift */,
			);
			path = ViewControllers;
			sourceTree = "<group>";
		};
		F31B3A2B2A261DC2000D9CE6 /* Cells */ = {
			isa = PBXGroup;
			children = (
				F31B3A2D2A261DD2000D9CE6 /* RocketHeaderCell.swift */,
				F31B3A2F2A261DD2000D9CE6 /* RocketHorizontalInfoCell.swift */,
				F31B3A2E2A261DD2000D9CE6 /* RocketImageCell.swift */,
				F31B3A302A261DD2000D9CE6 /* RocketLaunchButtonCell.swift */,
				F31B3A2C2A261DD2000D9CE6 /* RocketVerticalInfoCell.swift */,
			);
			path = Cells;
			sourceTree = "<group>";
		};
		F31B3A362A261DEC000D9CE6 /* ViewModel */ = {
			isa = PBXGroup;
			children = (
				F31B3A372A261DF7000D9CE6 /* RocketViewModel.swift */,
			);
			path = ViewModel;
			sourceTree = "<group>";
		};
		F31B3A392A261E06000D9CE6 /* Helpers */ = {
			isa = PBXGroup;
			children = (
				F31B3A3A2A261E12000D9CE6 /* Constants.swift */,
				F31B3A3C2A261E14000D9CE6 /* IdExtensions.swift */,
			);
			path = Helpers;
			sourceTree = "<group>";
		};
		F31B3A3E2A261E24000D9CE6 /* Launch */ = {
			isa = PBXGroup;
			children = (
				F31B3A412A261E37000D9CE6 /* LaunchLoader.swift */,
				F31B3A402A261E37000D9CE6 /* LaunchModel.swift */,
				F31B3A3F2A261E37000D9CE6 /* LaunchViewController.swift */,
			);
			path = Launch;
			sourceTree = "<group>";
		};
		F31B3A452A261E48000D9CE6 /* Settings */ = {
			isa = PBXGroup;
			children = (
				F31B3A492A261E5C000D9CE6 /* SettingsModel.swift */,
				F31B3A4A2A261E5C000D9CE6 /* SettingsRepository.swift */,
				F31B3A482A261E5C000D9CE6 /* SettingsTableViewCell.swift */,
				F31B3A472A261E5C000D9CE6 /* SettingsViewController.swift */,
				F31B3A462A261E5C000D9CE6 /* SettingsViewModel.swift */,
			);
			path = Settings;
			sourceTree = "<group>";
		};
		F31B3A502A261E65000D9CE6 /* Models */ = {
			isa = PBXGroup;
			children = (
				F31B3A232A261D90000D9CE6 /* RocketModel.swift */,
				F31B3A252A261D93000D9CE6 /* RoketData.swift */,
			);
			path = Models;
			sourceTree = "<group>";
		};
/* End PBXGroup section */

/* Begin PBXNativeTarget section */
		F31B39E92A260B7B000D9CE6 /* SpaceRX */ = {
			isa = PBXNativeTarget;
			buildConfigurationList = F31B39FE2A260B7E000D9CE6 /* Build configuration list for PBXNativeTarget "SpaceRX" */;
			buildPhases = (
				B8C06CD39D3AF6609E935F35 /* [CP] Check Pods Manifest.lock */,
				F31B39E62A260B7B000D9CE6 /* Sources */,
				F31B39E72A260B7B000D9CE6 /* Frameworks */,
				F31B39E82A260B7B000D9CE6 /* Resources */,
				3E5AF39FA0AB72B79D24A387 /* [CP] Embed Pods Frameworks */,
				F31B3A512A264D5F000D9CE6 /* ShellScript */,
			);
			buildRules = (
			);
			dependencies = (
			);
			name = SpaceRX;
			productName = SpaceRX;
			productReference = F31B39EA2A260B7B000D9CE6 /* SpaceRX.app */;
			productType = "com.apple.product-type.application";
		};
/* End PBXNativeTarget section */

/* Begin PBXProject section */
		F31B39E22A260B7B000D9CE6 /* Project object */ = {
			isa = PBXProject;
			attributes = {
				BuildIndependentTargetsInParallel = 1;
				LastSwiftUpdateCheck = 1330;
				LastUpgradeCheck = 1330;
				TargetAttributes = {
					F31B39E92A260B7B000D9CE6 = {
						CreatedOnToolsVersion = 13.3.1;
					};
				};
			};
			buildConfigurationList = F31B39E52A260B7B000D9CE6 /* Build configuration list for PBXProject "SpaceRX" */;
			compatibilityVersion = "Xcode 13.0";
			developmentRegion = en;
			hasScannedForEncodings = 0;
			knownRegions = (
				en,
				Base,
			);
			mainGroup = F31B39E12A260B7B000D9CE6;
			productRefGroup = F31B39EB2A260B7B000D9CE6 /* Products */;
			projectDirPath = "";
			projectRoot = "";
			targets = (
				F31B39E92A260B7B000D9CE6 /* SpaceRX */,
			);
		};
/* End PBXProject section */

/* Begin PBXResourcesBuildPhase section */
		F31B39E82A260B7B000D9CE6 /* Resources */ = {
			isa = PBXResourcesBuildPhase;
			buildActionMask = 2147483647;
			files = (
				F31B39FA2A260B7E000D9CE6 /* LaunchScreen.storyboard in Resources */,
				F31B39F72A260B7E000D9CE6 /* Assets.xcassets in Resources */,
				F31B39F52A260B7B000D9CE6 /* Main.storyboard in Resources */,
			);
			runOnlyForDeploymentPostprocessing = 0;
		};
/* End PBXResourcesBuildPhase section */

/* Begin PBXShellScriptBuildPhase section */
		3E5AF39FA0AB72B79D24A387 /* [CP] Embed Pods Frameworks */ = {
			isa = PBXShellScriptBuildPhase;
			buildActionMask = 2147483647;
			files = (
			);
			inputFileListPaths = (
				"${PODS_ROOT}/Target Support Files/Pods-SpaceRX/Pods-SpaceRX-frameworks-${CONFIGURATION}-input-files.xcfilelist",
			);
			name = "[CP] Embed Pods Frameworks";
			outputFileListPaths = (
				"${PODS_ROOT}/Target Support Files/Pods-SpaceRX/Pods-SpaceRX-frameworks-${CONFIGURATION}-output-files.xcfilelist",
			);
			runOnlyForDeploymentPostprocessing = 0;
			shellPath = /bin/sh;
			shellScript = "\"${PODS_ROOT}/Target Support Files/Pods-SpaceRX/Pods-SpaceRX-frameworks.sh\"\n";
			showEnvVarsInLog = 0;
		};
		B8C06CD39D3AF6609E935F35 /* [CP] Check Pods Manifest.lock */ = {
			isa = PBXShellScriptBuildPhase;
			buildActionMask = 2147483647;
			files = (
			);
			inputFileListPaths = (
			);
			inputPaths = (
				"${PODS_PODFILE_DIR_PATH}/Podfile.lock",
				"${PODS_ROOT}/Manifest.lock",
			);
			name = "[CP] Check Pods Manifest.lock";
			outputFileListPaths = (
			);
			outputPaths = (
				"$(DERIVED_FILE_DIR)/Pods-SpaceRX-checkManifestLockResult.txt",
			);
			runOnlyForDeploymentPostprocessing = 0;
			shellPath = /bin/sh;
			shellScript = "diff \"${PODS_PODFILE_DIR_PATH}/Podfile.lock\" \"${PODS_ROOT}/Manifest.lock\" > /dev/null\nif [ $? != 0 ] ; then\n    # print error to STDERR\n    echo \"error: The sandbox is not in sync with the Podfile.lock. Run 'pod install' or update your CocoaPods installation.\" >&2\n    exit 1\nfi\n# This output is used by Xcode 'outputs' to avoid re-running this script phase.\necho \"SUCCESS\" > \"${SCRIPT_OUTPUT_FILE_0}\"\n";
			showEnvVarsInLog = 0;
		};
		F31B3A512A264D5F000D9CE6 /* ShellScript */ = {
			isa = PBXShellScriptBuildPhase;
			buildActionMask = 2147483647;
			files = (
			);
			inputFileListPaths = (
			);
			inputPaths = (
			);
			outputFileListPaths = (
			);
			outputPaths = (
			);
			runOnlyForDeploymentPostprocessing = 0;
			shellPath = /bin/sh;
			shellScript = "\"${PODS_ROOT}/SwiftLint/swiftlint\"\n";
		};
/* End PBXShellScriptBuildPhase section */

/* Begin PBXSourcesBuildPhase section */
		F31B39E62A260B7B000D9CE6 /* Sources */ = {
			isa = PBXSourcesBuildPhase;
			buildActionMask = 2147483647;
			files = (
				F31B3A382A261DF7000D9CE6 /* RocketViewModel.swift in Sources */,
				F31B3A222A261D8C000D9CE6 /* RocketLoader.swift in Sources */,
				F31B3A4E2A261E5C000D9CE6 /* SettingsModel.swift in Sources */,
				F31B3A262A261D93000D9CE6 /* RoketData.swift in Sources */,
				F31B3A4C2A261E5C000D9CE6 /* SettingsViewController.swift in Sources */,
				F31B3A352A261DD2000D9CE6 /* RocketLaunchButtonCell.swift in Sources */,
				F31B3A242A261D90000D9CE6 /* RocketModel.swift in Sources */,
				F31B3A4B2A261E5C000D9CE6 /* SettingsViewModel.swift in Sources */,
				F31B3A442A261E37000D9CE6 /* LaunchLoader.swift in Sources */,
				F31B3A322A261DD2000D9CE6 /* RocketHeaderCell.swift in Sources */,
				F31B39EE2A260B7B000D9CE6 /* AppDelegate.swift in Sources */,
				F31B3A4F2A261E5C000D9CE6 /* SettingsRepository.swift in Sources */,
				F31B39F02A260B7B000D9CE6 /* SceneDelegate.swift in Sources */,
				F31B3A4D2A261E5C000D9CE6 /* SettingsTableViewCell.swift in Sources */,
				F31B3A432A261E37000D9CE6 /* LaunchModel.swift in Sources */,
				F31B3A312A261DD2000D9CE6 /* RocketVerticalInfoCell.swift in Sources */,
				F31B3A2A2A261DB9000D9CE6 /* CustomPageViewController.swift in Sources */,
				F31B3A342A261DD2000D9CE6 /* RocketHorizontalInfoCell.swift in Sources */,
				F31B3A3D2A261E14000D9CE6 /* IdExtensions.swift in Sources */,
				F31B3A3B2A261E12000D9CE6 /* Constants.swift in Sources */,
				F31B3A1F2A261D1E000D9CE6 /* RocketViewController.swift in Sources */,
				F31B3A332A261DD2000D9CE6 /* RocketImageCell.swift in Sources */,
				F31B3A422A261E37000D9CE6 /* LaunchViewController.swift in Sources */,
			);
			runOnlyForDeploymentPostprocessing = 0;
		};
/* End PBXSourcesBuildPhase section */

/* Begin PBXVariantGroup section */
		F31B39F32A260B7B000D9CE6 /* Main.storyboard */ = {
			isa = PBXVariantGroup;
			children = (
				F31B39F42A260B7B000D9CE6 /* Base */,
			);
			name = Main.storyboard;
			sourceTree = "<group>";
		};
		F31B39F82A260B7E000D9CE6 /* LaunchScreen.storyboard */ = {
			isa = PBXVariantGroup;
			children = (
				F31B39F92A260B7E000D9CE6 /* Base */,
			);
			name = LaunchScreen.storyboard;
			sourceTree = "<group>";
		};
/* End PBXVariantGroup section */

/* Begin XCBuildConfiguration section */
		F31B39FC2A260B7E000D9CE6 /* Debug */ = {
			isa = XCBuildConfiguration;
			buildSettings = {
				ALWAYS_SEARCH_USER_PATHS = NO;
				CLANG_ANALYZER_NONNULL = YES;
				CLANG_ANALYZER_NUMBER_OBJECT_CONVERSION = YES_AGGRESSIVE;
				CLANG_CXX_LANGUAGE_STANDARD = "gnu++17";
				CLANG_ENABLE_MODULES = YES;
				CLANG_ENABLE_OBJC_ARC = YES;
				CLANG_ENABLE_OBJC_WEAK = YES;
				CLANG_WARN_BLOCK_CAPTURE_AUTORELEASING = YES;
				CLANG_WARN_BOOL_CONVERSION = YES;
				CLANG_WARN_COMMA = YES;
				CLANG_WARN_CONSTANT_CONVERSION = YES;
				CLANG_WARN_DEPRECATED_OBJC_IMPLEMENTATIONS = YES;
				CLANG_WARN_DIRECT_OBJC_ISA_USAGE = YES_ERROR;
				CLANG_WARN_DOCUMENTATION_COMMENTS = YES;
				CLANG_WARN_EMPTY_BODY = YES;
				CLANG_WARN_ENUM_CONVERSION = YES;
				CLANG_WARN_INFINITE_RECURSION = YES;
				CLANG_WARN_INT_CONVERSION = YES;
				CLANG_WARN_NON_LITERAL_NULL_CONVERSION = YES;
				CLANG_WARN_OBJC_IMPLICIT_RETAIN_SELF = YES;
				CLANG_WARN_OBJC_LITERAL_CONVERSION = YES;
				CLANG_WARN_OBJC_ROOT_CLASS = YES_ERROR;
				CLANG_WARN_QUOTED_INCLUDE_IN_FRAMEWORK_HEADER = YES;
				CLANG_WARN_RANGE_LOOP_ANALYSIS = YES;
				CLANG_WARN_STRICT_PROTOTYPES = YES;
				CLANG_WARN_SUSPICIOUS_MOVE = YES;
				CLANG_WARN_UNGUARDED_AVAILABILITY = YES_AGGRESSIVE;
				CLANG_WARN_UNREACHABLE_CODE = YES;
				CLANG_WARN__DUPLICATE_METHOD_MATCH = YES;
				COPY_PHASE_STRIP = NO;
				DEBUG_INFORMATION_FORMAT = dwarf;
				ENABLE_STRICT_OBJC_MSGSEND = YES;
				ENABLE_TESTABILITY = YES;
				GCC_C_LANGUAGE_STANDARD = gnu11;
				GCC_DYNAMIC_NO_PIC = NO;
				GCC_NO_COMMON_BLOCKS = YES;
				GCC_OPTIMIZATION_LEVEL = 0;
				GCC_PREPROCESSOR_DEFINITIONS = (
					"DEBUG=1",
					"$(inherited)",
				);
				GCC_WARN_64_TO_32_BIT_CONVERSION = YES;
				GCC_WARN_ABOUT_RETURN_TYPE = YES_ERROR;
				GCC_WARN_UNDECLARED_SELECTOR = YES;
				GCC_WARN_UNINITIALIZED_AUTOS = YES_AGGRESSIVE;
				GCC_WARN_UNUSED_FUNCTION = YES;
				GCC_WARN_UNUSED_VARIABLE = YES;
				IPHONEOS_DEPLOYMENT_TARGET = 15.4;
				MTL_ENABLE_DEBUG_INFO = INCLUDE_SOURCE;
				MTL_FAST_MATH = YES;
				ONLY_ACTIVE_ARCH = YES;
				SDKROOT = iphoneos;
				SWIFT_ACTIVE_COMPILATION_CONDITIONS = DEBUG;
				SWIFT_OPTIMIZATION_LEVEL = "-Onone";
			};
			name = Debug;
		};
		F31B39FD2A260B7E000D9CE6 /* Release */ = {
			isa = XCBuildConfiguration;
			buildSettings = {
				ALWAYS_SEARCH_USER_PATHS = NO;
				CLANG_ANALYZER_NONNULL = YES;
				CLANG_ANALYZER_NUMBER_OBJECT_CONVERSION = YES_AGGRESSIVE;
				CLANG_CXX_LANGUAGE_STANDARD = "gnu++17";
				CLANG_ENABLE_MODULES = YES;
				CLANG_ENABLE_OBJC_ARC = YES;
				CLANG_ENABLE_OBJC_WEAK = YES;
				CLANG_WARN_BLOCK_CAPTURE_AUTORELEASING = YES;
				CLANG_WARN_BOOL_CONVERSION = YES;
				CLANG_WARN_COMMA = YES;
				CLANG_WARN_CONSTANT_CONVERSION = YES;
				CLANG_WARN_DEPRECATED_OBJC_IMPLEMENTATIONS = YES;
				CLANG_WARN_DIRECT_OBJC_ISA_USAGE = YES_ERROR;
				CLANG_WARN_DOCUMENTATION_COMMENTS = YES;
				CLANG_WARN_EMPTY_BODY = YES;
				CLANG_WARN_ENUM_CONVERSION = YES;
				CLANG_WARN_INFINITE_RECURSION = YES;
				CLANG_WARN_INT_CONVERSION = YES;
				CLANG_WARN_NON_LITERAL_NULL_CONVERSION = YES;
				CLANG_WARN_OBJC_IMPLICIT_RETAIN_SELF = YES;
				CLANG_WARN_OBJC_LITERAL_CONVERSION = YES;
				CLANG_WARN_OBJC_ROOT_CLASS = YES_ERROR;
				CLANG_WARN_QUOTED_INCLUDE_IN_FRAMEWORK_HEADER = YES;
				CLANG_WARN_RANGE_LOOP_ANALYSIS = YES;
				CLANG_WARN_STRICT_PROTOTYPES = YES;
				CLANG_WARN_SUSPICIOUS_MOVE = YES;
				CLANG_WARN_UNGUARDED_AVAILABILITY = YES_AGGRESSIVE;
				CLANG_WARN_UNREACHABLE_CODE = YES;
				CLANG_WARN__DUPLICATE_METHOD_MATCH = YES;
				COPY_PHASE_STRIP = NO;
				DEBUG_INFORMATION_FORMAT = "dwarf-with-dsym";
				ENABLE_NS_ASSERTIONS = NO;
				ENABLE_STRICT_OBJC_MSGSEND = YES;
				GCC_C_LANGUAGE_STANDARD = gnu11;
				GCC_NO_COMMON_BLOCKS = YES;
				GCC_WARN_64_TO_32_BIT_CONVERSION = YES;
				GCC_WARN_ABOUT_RETURN_TYPE = YES_ERROR;
				GCC_WARN_UNDECLARED_SELECTOR = YES;
				GCC_WARN_UNINITIALIZED_AUTOS = YES_AGGRESSIVE;
				GCC_WARN_UNUSED_FUNCTION = YES;
				GCC_WARN_UNUSED_VARIABLE = YES;
				IPHONEOS_DEPLOYMENT_TARGET = 15.4;
				MTL_ENABLE_DEBUG_INFO = NO;
				MTL_FAST_MATH = YES;
				SDKROOT = iphoneos;
				SWIFT_COMPILATION_MODE = wholemodule;
				SWIFT_OPTIMIZATION_LEVEL = "-O";
				VALIDATE_PRODUCT = YES;
			};
			name = Release;
		};
		F31B39FF2A260B7E000D9CE6 /* Debug */ = {
			isa = XCBuildConfiguration;
			baseConfigurationReference = A6EFE8C2C09DD8ADA3B7DA75 /* Pods-SpaceRX.debug.xcconfig */;
			buildSettings = {
				ASSETCATALOG_COMPILER_APPICON_NAME = AppIcon;
				ASSETCATALOG_COMPILER_GLOBAL_ACCENT_COLOR_NAME = AccentColor;
				CODE_SIGN_STYLE = Automatic;
				CURRENT_PROJECT_VERSION = 1;
				DEVELOPMENT_TEAM = 7CB7M9962J;
				GENERATE_INFOPLIST_FILE = YES;
				INFOPLIST_FILE = SpaceRX/Info.plist;
				INFOPLIST_KEY_UIApplicationSupportsIndirectInputEvents = YES;
				INFOPLIST_KEY_UILaunchStoryboardName = LaunchScreen;
				INFOPLIST_KEY_UIMainStoryboardFile = Main;
				INFOPLIST_KEY_UISupportedInterfaceOrientations_iPad = "UIInterfaceOrientationPortrait UIInterfaceOrientationPortraitUpsideDown UIInterfaceOrientationLandscapeLeft UIInterfaceOrientationLandscapeRight";
				INFOPLIST_KEY_UISupportedInterfaceOrientations_iPhone = "UIInterfaceOrientationPortrait UIInterfaceOrientationLandscapeLeft UIInterfaceOrientationLandscapeRight";
				LD_RUNPATH_SEARCH_PATHS = (
					"$(inherited)",
					"@executable_path/Frameworks",
				);
				MARKETING_VERSION = 1.0;
				PRODUCT_BUNDLE_IDENTIFIER = "-23.SpaceRX";
				PRODUCT_NAME = "$(TARGET_NAME)";
				SWIFT_EMIT_LOC_STRINGS = YES;
				SWIFT_VERSION = 5.0;
				TARGETED_DEVICE_FAMILY = "1,2";
			};
			name = Debug;
		};
		F31B3A002A260B7E000D9CE6 /* Release */ = {
			isa = XCBuildConfiguration;
			baseConfigurationReference = BD8DFB790B1DA0CC464CEF6F /* Pods-SpaceRX.release.xcconfig */;
			buildSettings = {
				ASSETCATALOG_COMPILER_APPICON_NAME = AppIcon;
				ASSETCATALOG_COMPILER_GLOBAL_ACCENT_COLOR_NAME = AccentColor;
				CODE_SIGN_STYLE = Automatic;
				CURRENT_PROJECT_VERSION = 1;
				DEVELOPMENT_TEAM = 7CB7M9962J;
				GENERATE_INFOPLIST_FILE = YES;
				INFOPLIST_FILE = SpaceRX/Info.plist;
				INFOPLIST_KEY_UIApplicationSupportsIndirectInputEvents = YES;
				INFOPLIST_KEY_UILaunchStoryboardName = LaunchScreen;
				INFOPLIST_KEY_UIMainStoryboardFile = Main;
				INFOPLIST_KEY_UISupportedInterfaceOrientations_iPad = "UIInterfaceOrientationPortrait UIInterfaceOrientationPortraitUpsideDown UIInterfaceOrientationLandscapeLeft UIInterfaceOrientationLandscapeRight";
				INFOPLIST_KEY_UISupportedInterfaceOrientations_iPhone = "UIInterfaceOrientationPortrait UIInterfaceOrientationLandscapeLeft UIInterfaceOrientationLandscapeRight";
				LD_RUNPATH_SEARCH_PATHS = (
					"$(inherited)",
					"@executable_path/Frameworks",
				);
				MARKETING_VERSION = 1.0;
				PRODUCT_BUNDLE_IDENTIFIER = "-23.SpaceRX";
				PRODUCT_NAME = "$(TARGET_NAME)";
				SWIFT_EMIT_LOC_STRINGS = YES;
				SWIFT_VERSION = 5.0;
				TARGETED_DEVICE_FAMILY = "1,2";
			};
			name = Release;
		};
/* End XCBuildConfiguration section */

/* Begin XCConfigurationList section */
		F31B39E52A260B7B000D9CE6 /* Build configuration list for PBXProject "SpaceRX" */ = {
			isa = XCConfigurationList;
			buildConfigurations = (
				F31B39FC2A260B7E000D9CE6 /* Debug */,
				F31B39FD2A260B7E000D9CE6 /* Release */,
			);
			defaultConfigurationIsVisible = 0;
			defaultConfigurationName = Release;
		};
		F31B39FE2A260B7E000D9CE6 /* Build configuration list for PBXNativeTarget "SpaceRX" */ = {
			isa = XCConfigurationList;
			buildConfigurations = (
				F31B39FF2A260B7E000D9CE6 /* Debug */,
				F31B3A002A260B7E000D9CE6 /* Release */,
			);
			defaultConfigurationIsVisible = 0;
			defaultConfigurationName = Release;
		};
/* End XCConfigurationList section */
	};
	rootObject = F31B39E22A260B7B000D9CE6 /* Project object */;
}
